
Microsoft Visual Studio Solution File, Format Version 12.00
# Visual Studio Version 17
VisualStudioVersion = 17.7.34221.43
MinimumVisualStudioVersion = 10.0.40219.1
Project("{FAE04EC0-301F-11D3-BF4B-00C04F79EFBC}") = "EmployeeCount", "EmployeeCount\EmployeeCount.csproj", "{AB6BA3C6-EBEC-45A9-B8C3-4D4756424760}"
EndProject
Project("{FAE04EC0-301F-11D3-BF4B-00C04F79EFBC}") = "LabourVarianceVan", "LabourVarianceVan\LabourVarianceVan.csproj", "{1D1DAC4E-5B4A-4BAD-A9E4-AF7E2E1B3159}"
EndProject
Project("{FAE04EC0-301F-11D3-BF4B-00C04F79EFBC}") = "FlexBudget", "FlexBudget\FlexBudget.csproj", "{2989C4E4-B360-44D9-9E59-F5079399478B}"
EndProject
Project("{FAE04EC0-301F-11D3-BF4B-00C04F79EFBC}") = "UtilityTracker", "UtilityTracker\UtilityTracker.csproj", "{1A91C2F6-49DF-4399-8779-61F292A5AADC}"
EndProject
Project("{FAE04EC0-301F-11D3-BF4B-00C04F79EFBC}") = "FrmFlexBudget", "FrmFlexBudget\FrmFlexBudget.csproj", "{80DEED6B-1255-4DFF-8939-70AEB288E3B1}"
EndProject
Project("{FAE04EC0-301F-11D3-BF4B-00C04F79EFBC}") = "R&M", "R&M\R&M.csproj", "{E1B74661-2C9C-4CAC-B106-4D04F2CD1961}"
EndProject
Project("{FAE04EC0-301F-11D3-BF4B-00C04F79EFBC}") = "SalesByDayParts", "SalesByDayParts\SalesByDayParts.csproj", "{D156794A-CB81-4D7B-AA03-6392391749FA}"
EndProject
Project("{FAE04EC0-301F-11D3-BF4B-00C04F79EFBC}") = "SalesTax", "SalesTax\SalesTax.csproj", "{A4AB0C09-4067-48CA-82E8-FCFBE309BC88}"
EndProject
Global
	GlobalSection(SolutionConfigurationPlatforms) = preSolution
		Debug|Any CPU = Debug|Any CPU
		Release|Any CPU = Release|Any CPU
	EndGlobalSection
	GlobalSection(ProjectConfigurationPlatforms) = postSolution
		{AB6BA3C6-EBEC-45A9-B8C3-4D4756424760}.Debug|Any CPU.ActiveCfg = Debug|Any CPU
		{AB6BA3C6-EBEC-45A9-B8C3-4D4756424760}.Debug|Any CPU.Build.0 = Debug|Any CPU
		{AB6BA3C6-EBEC-45A9-B8C3-4D4756424760}.Release|Any CPU.ActiveCfg = Release|Any CPU
		{AB6BA3C6-EBEC-45A9-B8C3-4D4756424760}.Release|Any CPU.Build.0 = Release|Any CPU
		{1D1DAC4E-5B4A-4BAD-A9E4-AF7E2E1B3159}.Debug|Any CPU.ActiveCfg = Debug|Any CPU
		{1D1DAC4E-5B4A-4BAD-A9E4-AF7E2E1B3159}.Debug|Any CPU.Build.0 = Debug|Any CPU
		{1D1DAC4E-5B4A-4BAD-A9E4-AF7E2E1B3159}.Release|Any CPU.ActiveCfg = Release|Any CPU
		{1D1DAC4E-5B4A-4BAD-A9E4-AF7E2E1B3159}.Release|Any CPU.Build.0 = Release|Any CPU
		{2989C4E4-B360-44D9-9E59-F5079399478B}.Debug|Any CPU.ActiveCfg = Debug|Any CPU
		{2989C4E4-B360-44D9-9E59-F5079399478B}.Debug|Any CPU.Build.0 = Debug|Any CPU
		{2989C4E4-B360-44D9-9E59-F5079399478B}.Release|Any CPU.ActiveCfg = Release|Any CPU
		{2989C4E4-B360-44D9-9E59-F5079399478B}.Release|Any CPU.Build.0 = Release|Any CPU
		{1A91C2F6-49DF-4399-8779-61F292A5AADC}.Debug|Any CPU.ActiveCfg = Debug|Any CPU
		{1A91C2F6-49DF-4399-8779-61F292A5AADC}.Debug|Any CPU.Build.0 = Debug|Any CPU
		{1A91C2F6-49DF-4399-8779-61F292A5AADC}.Release|Any CPU.ActiveCfg = Release|Any CPU
		{1A91C2F6-49DF-4399-8779-61F292A5AADC}.Release|Any CPU.Build.0 = Release|Any CPU
		{80DEED6B-1255-4DFF-8939-70AEB288E3B1}.Debug|Any CPU.ActiveCfg = Debug|Any CPU
		{80DEED6B-1255-4DFF-8939-70AEB288E3B1}.Debug|Any CPU.Build.0 = Debug|Any CPU
		{80DEED6B-1255-4DFF-8939-70AEB288E3B1}.Release|Any CPU.ActiveCfg = Release|Any CPU
		{80DEED6B-1255-4DFF-8939-70AEB288E3B1}.Release|Any CPU.Build.0 = Release|Any CPU
		{E1B74661-2C9C-4CAC-B106-4D04F2CD1961}.Debug|Any CPU.ActiveCfg = Debug|Any CPU
		{E1B74661-2C9C-4CAC-B106-4D04F2CD1961}.Debug|Any CPU.Build.0 = Debug|Any CPU
		{E1B74661-2C9C-4CAC-B106-4D04F2CD1961}.Release|Any CPU.ActiveCfg = Release|Any CPU
		{E1B74661-2C9C-4CAC-B106-4D04F2CD1961}.Release|Any CPU.Build.0 = Release|Any CPU
		{D156794A-CB81-4D7B-AA03-6392391749FA}.Debug|Any CPU.ActiveCfg = Debug|Any CPU
		{D156794A-CB81-4D7B-AA03-6392391749FA}.Debug|Any CPU.Build.0 = Debug|Any CPU
		{D156794A-CB81-4D7B-AA03-6392391749FA}.Release|Any CPU.ActiveCfg = Release|Any CPU
		{D156794A-CB81-4D7B-AA03-6392391749FA}.Release|Any CPU.Build.0 = Release|Any CPU
		{A4AB0C09-4067-48CA-82E8-FCFBE309BC88}.Debug|Any CPU.ActiveCfg = Debug|Any CPU
		{A4AB0C09-4067-48CA-82E8-FCFBE309BC88}.Debug|Any CPU.Build.0 = Debug|Any CPU
		{A4AB0C09-4067-48CA-82E8-FCFBE309BC88}.Release|Any CPU.ActiveCfg = Release|Any CPU
		{A4AB0C09-4067-48CA-82E8-FCFBE309BC88}.Release|Any CPU.Build.0 = Release|Any CPU
	EndGlobalSection
	GlobalSection(SolutionProperties) = preSolution
		HideSolutionNode = FALSE
	EndGlobalSection
	GlobalSection(ExtensibilityGlobals) = postSolution
		SolutionGuid = {7504B50A-5EF8-4212-8E42-175E5027919D}
	EndGlobalSection
EndGlobal
